// !$*UTF8*$!
{
	archiveVersion = 1;
	classes = {
	};
	objectVersion = 56;
	objects = {

/* Begin PBXBuildFile section */
		3463E55E2A4BFC140066D33E /* NasaApp.swift in Sources */ = {isa = PBXBuildFile; fileRef = 3463E55D2A4BFC140066D33E /* NasaApp.swift */; };
		3463E5602A4BFC140066D33E /* HomeView.swift in Sources */ = {isa = PBXBuildFile; fileRef = 3463E55F2A4BFC140066D33E /* HomeView.swift */; };
		3463E5622A4BFC170066D33E /* Assets.xcassets in Resources */ = {isa = PBXBuildFile; fileRef = 3463E5612A4BFC170066D33E /* Assets.xcassets */; };
		3463E5652A4BFC170066D33E /* Preview Assets.xcassets in Resources */ = {isa = PBXBuildFile; fileRef = 3463E5642A4BFC170066D33E /* Preview Assets.xcassets */; };
		3463E56D2A4C01540066D33E /* StartSearchView.swift in Sources */ = {isa = PBXBuildFile; fileRef = 3463E56C2A4C01540066D33E /* StartSearchView.swift */; };
		3463E56F2A4C03B00066D33E /* SearchBar.swift in Sources */ = {isa = PBXBuildFile; fileRef = 3463E56E2A4C03B00066D33E /* SearchBar.swift */; };
		3463E5712A4C054C0066D33E /* SearchResultView.swift in Sources */ = {isa = PBXBuildFile; fileRef = 3463E5702A4C054C0066D33E /* SearchResultView.swift */; };
		3463E5832A4D2DB40066D33E /* OpenSans-Regular.ttf in Resources */ = {isa = PBXBuildFile; fileRef = 3463E5822A4D2DB40066D33E /* OpenSans-Regular.ttf */; };
		3463E5852A4D2DC50066D33E /* OpenSans-Bold.ttf in Resources */ = {isa = PBXBuildFile; fileRef = 3463E5842A4D2DC50066D33E /* OpenSans-Bold.ttf */; };
		3463E5872A4D2DD10066D33E /* OpenSans-Semibold.ttf in Resources */ = {isa = PBXBuildFile; fileRef = 3463E5862A4D2DD10066D33E /* OpenSans-Semibold.ttf */; };
		347579C32A4D3E6600799B68 /* BaseRouter.swift in Sources */ = {isa = PBXBuildFile; fileRef = 347579C22A4D3E6600799B68 /* BaseRouter.swift */; };
		347579C62A4D3EBA00799B68 /* HttpMethod.swift in Sources */ = {isa = PBXBuildFile; fileRef = 347579C52A4D3EBA00799B68 /* HttpMethod.swift */; };
		347579C82A4D3EF400799B68 /* HttpHeader.swift in Sources */ = {isa = PBXBuildFile; fileRef = 347579C72A4D3EF400799B68 /* HttpHeader.swift */; };
		347579CB2A4D430400799B68 /* RequestBuilder.swift in Sources */ = {isa = PBXBuildFile; fileRef = 347579CA2A4D430400799B68 /* RequestBuilder.swift */; };
		347579CD2A4D43B700799B68 /* APIService.swift in Sources */ = {isa = PBXBuildFile; fileRef = 347579CC2A4D43B700799B68 /* APIService.swift */; };
		347579CF2A4D442F00799B68 /* APIError.swift in Sources */ = {isa = PBXBuildFile; fileRef = 347579CE2A4D442F00799B68 /* APIError.swift */; };
		347579D12A4D458000799B68 /* SearchRouter.swift in Sources */ = {isa = PBXBuildFile; fileRef = 347579D02A4D458000799B68 /* SearchRouter.swift */; };
		34B8C5712A4DD2D900E3CB47 /* HomeViewModel.swift in Sources */ = {isa = PBXBuildFile; fileRef = 34B8C5702A4DD2D900E3CB47 /* HomeViewModel.swift */; };
		34B8C5732A4DD34400E3CB47 /* AppFonts.swift in Sources */ = {isa = PBXBuildFile; fileRef = 34B8C5722A4DD34400E3CB47 /* AppFonts.swift */; };
		34B8C5752A4DE29500E3CB47 /* SearchService.swift in Sources */ = {isa = PBXBuildFile; fileRef = 34B8C5742A4DE29500E3CB47 /* SearchService.swift */; };
		34B8C5772A4DE3C400E3CB47 /* ViewState.swift in Sources */ = {isa = PBXBuildFile; fileRef = 34B8C5762A4DE3C400E3CB47 /* ViewState.swift */; };
		34B8C57A2A4DEA2B00E3CB47 /* SearchResult.swift in Sources */ = {isa = PBXBuildFile; fileRef = 34B8C5792A4DEA2B00E3CB47 /* SearchResult.swift */; };
		34B8C57C2A4E036700E3CB47 /* ErrorView.swift in Sources */ = {isa = PBXBuildFile; fileRef = 34B8C57B2A4E036700E3CB47 /* ErrorView.swift */; };
		34B8C57F2A4E6B0400E3CB47 /* String+Extension.swift in Sources */ = {isa = PBXBuildFile; fileRef = 34B8C57E2A4E6B0400E3CB47 /* String+Extension.swift */; };
/* End PBXBuildFile section */

/* Begin PBXFileReference section */
		3463E55A2A4BFC140066D33E /* Nasa.app */ = {isa = PBXFileReference; explicitFileType = wrapper.application; includeInIndex = 0; path = Nasa.app; sourceTree = BUILT_PRODUCTS_DIR; };
		3463E55D2A4BFC140066D33E /* NasaApp.swift */ = {isa = PBXFileReference; lastKnownFileType = sourcecode.swift; path = NasaApp.swift; sourceTree = "<group>"; };
		3463E55F2A4BFC140066D33E /* HomeView.swift */ = {isa = PBXFileReference; lastKnownFileType = sourcecode.swift; path = HomeView.swift; sourceTree = "<group>"; };
		3463E5612A4BFC170066D33E /* Assets.xcassets */ = {isa = PBXFileReference; lastKnownFileType = folder.assetcatalog; path = Assets.xcassets; sourceTree = "<group>"; };
		3463E5642A4BFC170066D33E /* Preview Assets.xcassets */ = {isa = PBXFileReference; lastKnownFileType = folder.assetcatalog; path = "Preview Assets.xcassets"; sourceTree = "<group>"; };
		3463E56C2A4C01540066D33E /* StartSearchView.swift */ = {isa = PBXFileReference; lastKnownFileType = sourcecode.swift; path = StartSearchView.swift; sourceTree = "<group>"; };
		3463E56E2A4C03B00066D33E /* SearchBar.swift */ = {isa = PBXFileReference; lastKnownFileType = sourcecode.swift; path = SearchBar.swift; sourceTree = "<group>"; };
		3463E5702A4C054C0066D33E /* SearchResultView.swift */ = {isa = PBXFileReference; lastKnownFileType = sourcecode.swift; path = SearchResultView.swift; sourceTree = "<group>"; };
		3463E5822A4D2DB40066D33E /* OpenSans-Regular.ttf */ = {isa = PBXFileReference; lastKnownFileType = file; path = "OpenSans-Regular.ttf"; sourceTree = "<group>"; };
		3463E5842A4D2DC50066D33E /* OpenSans-Bold.ttf */ = {isa = PBXFileReference; lastKnownFileType = file; path = "OpenSans-Bold.ttf"; sourceTree = "<group>"; };
		3463E5862A4D2DD10066D33E /* OpenSans-Semibold.ttf */ = {isa = PBXFileReference; lastKnownFileType = file; path = "OpenSans-Semibold.ttf"; sourceTree = "<group>"; };
		3463E5882A4D30330066D33E /* Info.plist */ = {isa = PBXFileReference; lastKnownFileType = text.plist; path = Info.plist; sourceTree = "<group>"; };
		347579C22A4D3E6600799B68 /* BaseRouter.swift */ = {isa = PBXFileReference; lastKnownFileType = sourcecode.swift; path = BaseRouter.swift; sourceTree = "<group>"; };
		347579C52A4D3EBA00799B68 /* HttpMethod.swift */ = {isa = PBXFileReference; lastKnownFileType = sourcecode.swift; path = HttpMethod.swift; sourceTree = "<group>"; };
		347579C72A4D3EF400799B68 /* HttpHeader.swift */ = {isa = PBXFileReference; lastKnownFileType = sourcecode.swift; path = HttpHeader.swift; sourceTree = "<group>"; };
		347579CA2A4D430400799B68 /* RequestBuilder.swift */ = {isa = PBXFileReference; lastKnownFileType = sourcecode.swift; path = RequestBuilder.swift; sourceTree = "<group>"; };
		347579CC2A4D43B700799B68 /* APIService.swift */ = {isa = PBXFileReference; lastKnownFileType = sourcecode.swift; path = APIService.swift; sourceTree = "<group>"; };
		347579CE2A4D442F00799B68 /* APIError.swift */ = {isa = PBXFileReference; lastKnownFileType = sourcecode.swift; path = APIError.swift; sourceTree = "<group>"; };
		347579D02A4D458000799B68 /* SearchRouter.swift */ = {isa = PBXFileReference; lastKnownFileType = sourcecode.swift; path = SearchRouter.swift; sourceTree = "<group>"; };
		34B8C5702A4DD2D900E3CB47 /* HomeViewModel.swift */ = {isa = PBXFileReference; lastKnownFileType = sourcecode.swift; path = HomeViewModel.swift; sourceTree = "<group>"; };
		34B8C5722A4DD34400E3CB47 /* AppFonts.swift */ = {isa = PBXFileReference; lastKnownFileType = sourcecode.swift; path = AppFonts.swift; sourceTree = "<group>"; };
		34B8C5742A4DE29500E3CB47 /* SearchService.swift */ = {isa = PBXFileReference; lastKnownFileType = sourcecode.swift; path = SearchService.swift; sourceTree = "<group>"; };
		34B8C5762A4DE3C400E3CB47 /* ViewState.swift */ = {isa = PBXFileReference; lastKnownFileType = sourcecode.swift; path = ViewState.swift; sourceTree = "<group>"; };
		34B8C5792A4DEA2B00E3CB47 /* SearchResult.swift */ = {isa = PBXFileReference; lastKnownFileType = sourcecode.swift; path = SearchResult.swift; sourceTree = "<group>"; };
		34B8C57B2A4E036700E3CB47 /* ErrorView.swift */ = {isa = PBXFileReference; lastKnownFileType = sourcecode.swift; path = ErrorView.swift; sourceTree = "<group>"; };
		34B8C57E2A4E6B0400E3CB47 /* String+Extension.swift */ = {isa = PBXFileReference; lastKnownFileType = sourcecode.swift; path = "String+Extension.swift"; sourceTree = "<group>"; };
/* End PBXFileReference section */

/* Begin PBXFrameworksBuildPhase section */
		3463E5572A4BFC140066D33E /* Frameworks */ = {
			isa = PBXFrameworksBuildPhase;
			buildActionMask = 2147483647;
			files = (
			);
			runOnlyForDeploymentPostprocessing = 0;
		};
/* End PBXFrameworksBuildPhase section */

/* Begin PBXGroup section */
		3463E5512A4BFC140066D33E = {
			isa = PBXGroup;
			children = (
				3463E55C2A4BFC140066D33E /* Nasa */,
				3463E55B2A4BFC140066D33E /* Products */,
			);
			sourceTree = "<group>";
		};
		3463E55B2A4BFC140066D33E /* Products */ = {
			isa = PBXGroup;
			children = (
				3463E55A2A4BFC140066D33E /* Nasa.app */,
			);
			name = Products;
			sourceTree = "<group>";
		};
		3463E55C2A4BFC140066D33E /* Nasa */ = {
			isa = PBXGroup;
			children = (
				34B8C57D2A4E6AF200E3CB47 /* Extensions */,
				34B8C5782A4DEA1A00E3CB47 /* Model */,
				3463E55D2A4BFC140066D33E /* NasaApp.swift */,
				347579C12A4D3E4800799B68 /* Services  */,
				3463E5892A4D31EB0066D33E /* Modules */,
				3463E5882A4D30330066D33E /* Info.plist */,
				3463E5812A4D2DA50066D33E /* Fonts */,
				3463E56B2A4C01190066D33E /* Components */,
				3463E5612A4BFC170066D33E /* Assets.xcassets */,
				3463E5632A4BFC170066D33E /* Preview Content */,
			);
			path = Nasa;
			sourceTree = "<group>";
		};
		3463E5632A4BFC170066D33E /* Preview Content */ = {
			isa = PBXGroup;
			children = (
				3463E5642A4BFC170066D33E /* Preview Assets.xcassets */,
			);
			path = "Preview Content";
			sourceTree = "<group>";
		};
		3463E56B2A4C01190066D33E /* Components */ = {
			isa = PBXGroup;
			children = (
				3463E56C2A4C01540066D33E /* StartSearchView.swift */,
				3463E56E2A4C03B00066D33E /* SearchBar.swift */,
				3463E5702A4C054C0066D33E /* SearchResultView.swift */,
				34B8C57B2A4E036700E3CB47 /* ErrorView.swift */,
			);
			path = Components;
			sourceTree = "<group>";
		};
		3463E5812A4D2DA50066D33E /* Fonts */ = {
			isa = PBXGroup;
			children = (
				34B8C5722A4DD34400E3CB47 /* AppFonts.swift */,
				3463E5862A4D2DD10066D33E /* OpenSans-Semibold.ttf */,
				3463E5842A4D2DC50066D33E /* OpenSans-Bold.ttf */,
				3463E5822A4D2DB40066D33E /* OpenSans-Regular.ttf */,
			);
			path = Fonts;
			sourceTree = "<group>";
		};
		3463E5892A4D31EB0066D33E /* Modules */ = {
			isa = PBXGroup;
			children = (
				3463E58B2A4D32210066D33E /* ResultDetail */,
				3463E58A2A4D31F10066D33E /* Home */,
			);
			path = Modules;
			sourceTree = "<group>";
		};
		3463E58A2A4D31F10066D33E /* Home */ = {
			isa = PBXGroup;
			children = (
				3463E55F2A4BFC140066D33E /* HomeView.swift */,
				34B8C5702A4DD2D900E3CB47 /* HomeViewModel.swift */,
			);
			path = Home;
			sourceTree = "<group>";
		};
		3463E58B2A4D32210066D33E /* ResultDetail */ = {
			isa = PBXGroup;
			children = (
			);
			path = ResultDetail;
			sourceTree = "<group>";
		};
		347579C12A4D3E4800799B68 /* Services  */ = {
			isa = PBXGroup;
			children = (
				34B8C5762A4DE3C400E3CB47 /* ViewState.swift */,
				347579D22A4D562A00799B68 /* SearchService */,
				347579C42A4D3E6A00799B68 /* NetworkService */,
			);
			path = "Services ";
			sourceTree = "<group>";
		};
		347579C42A4D3E6A00799B68 /* NetworkService */ = {
			isa = PBXGroup;
			children = (
				347579C92A4D42E500799B68 /* NetworkComponents */,
				347579CA2A4D430400799B68 /* RequestBuilder.swift */,
				347579CC2A4D43B700799B68 /* APIService.swift */,
				347579D02A4D458000799B68 /* SearchRouter.swift */,
			);
			path = NetworkService;
			sourceTree = "<group>";
		};
		347579C92A4D42E500799B68 /* NetworkComponents */ = {
			isa = PBXGroup;
			children = (
				347579C22A4D3E6600799B68 /* BaseRouter.swift */,
				347579C52A4D3EBA00799B68 /* HttpMethod.swift */,
				347579C72A4D3EF400799B68 /* HttpHeader.swift */,
				347579CE2A4D442F00799B68 /* APIError.swift */,
			);
			path = NetworkComponents;
			sourceTree = "<group>";
		};
		347579D22A4D562A00799B68 /* SearchService */ = {
			isa = PBXGroup;
			children = (
				34B8C5742A4DE29500E3CB47 /* SearchService.swift */,
			);
			path = SearchService;
			sourceTree = "<group>";
		};
		34B8C5782A4DEA1A00E3CB47 /* Model */ = {
			isa = PBXGroup;
			children = (
				34B8C5792A4DEA2B00E3CB47 /* SearchResult.swift */,
			);
			path = Model;
			sourceTree = "<group>";
		};
		34B8C57D2A4E6AF200E3CB47 /* Extensions */ = {
			isa = PBXGroup;
			children = (
				34B8C57E2A4E6B0400E3CB47 /* String+Extension.swift */,
			);
			path = Extensions;
			sourceTree = "<group>";
		};
/* End PBXGroup section */

/* Begin PBXNativeTarget section */
		3463E5592A4BFC140066D33E /* Nasa */ = {
			isa = PBXNativeTarget;
			buildConfigurationList = 3463E5682A4BFC170066D33E /* Build configuration list for PBXNativeTarget "Nasa" */;
			buildPhases = (
				3463E5562A4BFC140066D33E /* Sources */,
				3463E5572A4BFC140066D33E /* Frameworks */,
				3463E5582A4BFC140066D33E /* Resources */,
			);
			buildRules = (
			);
			dependencies = (
			);
			name = Nasa;
			packageProductDependencies = (
			);
			productName = Nasa;
			productReference = 3463E55A2A4BFC140066D33E /* Nasa.app */;
			productType = "com.apple.product-type.application";
		};
/* End PBXNativeTarget section */

/* Begin PBXProject section */
		3463E5522A4BFC140066D33E /* Project object */ = {
			isa = PBXProject;
			attributes = {
				BuildIndependentTargetsInParallel = 1;
				LastSwiftUpdateCheck = 1430;
				LastUpgradeCheck = 1430;
				TargetAttributes = {
					3463E5592A4BFC140066D33E = {
						CreatedOnToolsVersion = 14.3;
					};
				};
			};
			buildConfigurationList = 3463E5552A4BFC140066D33E /* Build configuration list for PBXProject "Nasa" */;
			compatibilityVersion = "Xcode 14.0";
			developmentRegion = en;
			hasScannedForEncodings = 0;
			knownRegions = (
				en,
				Base,
			);
			mainGroup = 3463E5512A4BFC140066D33E;
			packageReferences = (
			);
			productRefGroup = 3463E55B2A4BFC140066D33E /* Products */;
			projectDirPath = "";
			projectRoot = "";
			targets = (
				3463E5592A4BFC140066D33E /* Nasa */,
			);
		};
/* End PBXProject section */

/* Begin PBXResourcesBuildPhase section */
		3463E5582A4BFC140066D33E /* Resources */ = {
			isa = PBXResourcesBuildPhase;
			buildActionMask = 2147483647;
			files = (
				3463E5652A4BFC170066D33E /* Preview Assets.xcassets in Resources */,
				3463E5832A4D2DB40066D33E /* OpenSans-Regular.ttf in Resources */,
				3463E5852A4D2DC50066D33E /* OpenSans-Bold.ttf in Resources */,
				3463E5622A4BFC170066D33E /* Assets.xcassets in Resources */,
				3463E5872A4D2DD10066D33E /* OpenSans-Semibold.ttf in Resources */,
			);
			runOnlyForDeploymentPostprocessing = 0;
		};
/* End PBXResourcesBuildPhase section */

/* Begin PBXSourcesBuildPhase section */
		3463E5562A4BFC140066D33E /* Sources */ = {
			isa = PBXSourcesBuildPhase;
			buildActionMask = 2147483647;
			files = (
				347579D12A4D458000799B68 /* SearchRouter.swift in Sources */,
				3463E5602A4BFC140066D33E /* HomeView.swift in Sources */,
				34B8C5732A4DD34400E3CB47 /* AppFonts.swift in Sources */,
				34B8C57F2A4E6B0400E3CB47 /* String+Extension.swift in Sources */,
				347579C32A4D3E6600799B68 /* BaseRouter.swift in Sources */,
				3463E56F2A4C03B00066D33E /* SearchBar.swift in Sources */,
				347579CB2A4D430400799B68 /* RequestBuilder.swift in Sources */,
				34B8C5772A4DE3C400E3CB47 /* ViewState.swift in Sources */,
				34B8C57C2A4E036700E3CB47 /* ErrorView.swift in Sources */,
				347579C62A4D3EBA00799B68 /* HttpMethod.swift in Sources */,
				347579C82A4D3EF400799B68 /* HttpHeader.swift in Sources */,
				347579CD2A4D43B700799B68 /* APIService.swift in Sources */,
				34B8C5712A4DD2D900E3CB47 /* HomeViewModel.swift in Sources */,
				3463E56D2A4C01540066D33E /* StartSearchView.swift in Sources */,
				3463E55E2A4BFC140066D33E /* NasaApp.swift in Sources */,
				34B8C5752A4DE29500E3CB47 /* SearchService.swift in Sources */,
				3463E5712A4C054C0066D33E /* SearchResultView.swift in Sources */,
				347579CF2A4D442F00799B68 /* APIError.swift in Sources */,
				34B8C57A2A4DEA2B00E3CB47 /* SearchResult.swift in Sources */,
			);
			runOnlyForDeploymentPostprocessing = 0;
		};
/* End PBXSourcesBuildPhase section */

/* Begin XCBuildConfiguration section */
		3463E5662A4BFC170066D33E /* Debug */ = {
			isa = XCBuildConfiguration;
			buildSettings = {
				ALWAYS_SEARCH_USER_PATHS = NO;
				CLANG_ANALYZER_NONNULL = YES;
				CLANG_ANALYZER_NUMBER_OBJECT_CONVERSION = YES_AGGRESSIVE;
				CLANG_CXX_LANGUAGE_STANDARD = "gnu++20";
				CLANG_ENABLE_MODULES = YES;
				CLANG_ENABLE_OBJC_ARC = YES;
				CLANG_ENABLE_OBJC_WEAK = YES;
				CLANG_WARN_BLOCK_CAPTURE_AUTORELEASING = YES;
				CLANG_WARN_BOOL_CONVERSION = YES;
				CLANG_WARN_COMMA = YES;
				CLANG_WARN_CONSTANT_CONVERSION = YES;
				CLANG_WARN_DEPRECATED_OBJC_IMPLEMENTATIONS = YES;
				CLANG_WARN_DIRECT_OBJC_ISA_USAGE = YES_ERROR;
				CLANG_WARN_DOCUMENTATION_COMMENTS = YES;
				CLANG_WARN_EMPTY_BODY = YES;
				CLANG_WARN_ENUM_CONVERSION = YES;
				CLANG_WARN_INFINITE_RECURSION = YES;
				CLANG_WARN_INT_CONVERSION = YES;
				CLANG_WARN_NON_LITERAL_NULL_CONVERSION = YES;
				CLANG_WARN_OBJC_IMPLICIT_RETAIN_SELF = YES;
				CLANG_WARN_OBJC_LITERAL_CONVERSION = YES;
				CLANG_WARN_OBJC_ROOT_CLASS = YES_ERROR;
				CLANG_WARN_QUOTED_INCLUDE_IN_FRAMEWORK_HEADER = YES;
				CLANG_WARN_RANGE_LOOP_ANALYSIS = YES;
				CLANG_WARN_STRICT_PROTOTYPES = YES;
				CLANG_WARN_SUSPICIOUS_MOVE = YES;
				CLANG_WARN_UNGUARDED_AVAILABILITY = YES_AGGRESSIVE;
				CLANG_WARN_UNREACHABLE_CODE = YES;
				CLANG_WARN__DUPLICATE_METHOD_MATCH = YES;
				COPY_PHASE_STRIP = NO;
				DEBUG_INFORMATION_FORMAT = dwarf;
				ENABLE_STRICT_OBJC_MSGSEND = YES;
				ENABLE_TESTABILITY = YES;
				GCC_C_LANGUAGE_STANDARD = gnu11;
				GCC_DYNAMIC_NO_PIC = NO;
				GCC_NO_COMMON_BLOCKS = YES;
				GCC_OPTIMIZATION_LEVEL = 0;
				GCC_PREPROCESSOR_DEFINITIONS = (
					"DEBUG=1",
					"$(inherited)",
				);
				GCC_WARN_64_TO_32_BIT_CONVERSION = YES;
				GCC_WARN_ABOUT_RETURN_TYPE = YES_ERROR;
				GCC_WARN_UNDECLARED_SELECTOR = YES;
				GCC_WARN_UNINITIALIZED_AUTOS = YES_AGGRESSIVE;
				GCC_WARN_UNUSED_FUNCTION = YES;
				GCC_WARN_UNUSED_VARIABLE = YES;
				IPHONEOS_DEPLOYMENT_TARGET = 15.0;
				MTL_ENABLE_DEBUG_INFO = INCLUDE_SOURCE;
				MTL_FAST_MATH = YES;
				ONLY_ACTIVE_ARCH = YES;
				SDKROOT = iphoneos;
				SWIFT_ACTIVE_COMPILATION_CONDITIONS = DEBUG;
				SWIFT_OPTIMIZATION_LEVEL = "-Onone";
			};
			name = Debug;
		};
		3463E5672A4BFC170066D33E /* Release */ = {
			isa = XCBuildConfiguration;
			buildSettings = {
				ALWAYS_SEARCH_USER_PATHS = NO;
				CLANG_ANALYZER_NONNULL = YES;
				CLANG_ANALYZER_NUMBER_OBJECT_CONVERSION = YES_AGGRESSIVE;
				CLANG_CXX_LANGUAGE_STANDARD = "gnu++20";
				CLANG_ENABLE_MODULES = YES;
				CLANG_ENABLE_OBJC_ARC = YES;
				CLANG_ENABLE_OBJC_WEAK = YES;
				CLANG_WARN_BLOCK_CAPTURE_AUTORELEASING = YES;
				CLANG_WARN_BOOL_CONVERSION = YES;
				CLANG_WARN_COMMA = YES;
				CLANG_WARN_CONSTANT_CONVERSION = YES;
				CLANG_WARN_DEPRECATED_OBJC_IMPLEMENTATIONS = YES;
				CLANG_WARN_DIRECT_OBJC_ISA_USAGE = YES_ERROR;
				CLANG_WARN_DOCUMENTATION_COMMENTS = YES;
				CLANG_WARN_EMPTY_BODY = YES;
				CLANG_WARN_ENUM_CONVERSION = YES;
				CLANG_WARN_INFINITE_RECURSION = YES;
				CLANG_WARN_INT_CONVERSION = YES;
				CLANG_WARN_NON_LITERAL_NULL_CONVERSION = YES;
				CLANG_WARN_OBJC_IMPLICIT_RETAIN_SELF = YES;
				CLANG_WARN_OBJC_LITERAL_CONVERSION = YES;
				CLANG_WARN_OBJC_ROOT_CLASS = YES_ERROR;
				CLANG_WARN_QUOTED_INCLUDE_IN_FRAMEWORK_HEADER = YES;
				CLANG_WARN_RANGE_LOOP_ANALYSIS = YES;
				CLANG_WARN_STRICT_PROTOTYPES = YES;
				CLANG_WARN_SUSPICIOUS_MOVE = YES;
				CLANG_WARN_UNGUARDED_AVAILABILITY = YES_AGGRESSIVE;
				CLANG_WARN_UNREACHABLE_CODE = YES;
				CLANG_WARN__DUPLICATE_METHOD_MATCH = YES;
				COPY_PHASE_STRIP = NO;
				DEBUG_INFORMATION_FORMAT = "dwarf-with-dsym";
				ENABLE_NS_ASSERTIONS = NO;
				ENABLE_STRICT_OBJC_MSGSEND = YES;
				GCC_C_LANGUAGE_STANDARD = gnu11;
				GCC_NO_COMMON_BLOCKS = YES;
				GCC_WARN_64_TO_32_BIT_CONVERSION = YES;
				GCC_WARN_ABOUT_RETURN_TYPE = YES_ERROR;
				GCC_WARN_UNDECLARED_SELECTOR = YES;
				GCC_WARN_UNINITIALIZED_AUTOS = YES_AGGRESSIVE;
				GCC_WARN_UNUSED_FUNCTION = YES;
				GCC_WARN_UNUSED_VARIABLE = YES;
				IPHONEOS_DEPLOYMENT_TARGET = 15.0;
				MTL_ENABLE_DEBUG_INFO = NO;
				MTL_FAST_MATH = YES;
				SDKROOT = iphoneos;
				SWIFT_COMPILATION_MODE = wholemodule;
				SWIFT_OPTIMIZATION_LEVEL = "-O";
				VALIDATE_PRODUCT = YES;
			};
			name = Release;
		};
		3463E5692A4BFC170066D33E /* Debug */ = {
			isa = XCBuildConfiguration;
			buildSettings = {
				ASSETCATALOG_COMPILER_APPICON_NAME = AppIcon;
				ASSETCATALOG_COMPILER_GLOBAL_ACCENT_COLOR_NAME = AccentColor;
				CODE_SIGN_STYLE = Automatic;
				CURRENT_PROJECT_VERSION = 1;
				DEVELOPMENT_ASSET_PATHS = "\"Nasa/Preview Content\"";
				DEVELOPMENT_TEAM = 8244FLRS75;
				ENABLE_PREVIEWS = YES;
				GENERATE_INFOPLIST_FILE = YES;
				INFOPLIST_FILE = Nasa/Info.plist;
				INFOPLIST_KEY_UIApplicationSceneManifest_Generation = YES;
				INFOPLIST_KEY_UIApplicationSupportsIndirectInputEvents = YES;
				INFOPLIST_KEY_UILaunchScreen_Generation = YES;
				INFOPLIST_KEY_UISupportedInterfaceOrientations = UIInterfaceOrientationPortrait;
				INFOPLIST_KEY_UISupportedInterfaceOrientations_iPad = "UIInterfaceOrientationLandscapeLeft UIInterfaceOrientationLandscapeRight UIInterfaceOrientationPortrait UIInterfaceOrientationPortraitUpsideDown";
				LD_RUNPATH_SEARCH_PATHS = (
					"$(inherited)",
					"@executable_path/Frameworks",
				);
				MARKETING_VERSION = 1.0;
				PRODUCT_BUNDLE_IDENTIFIER = come.aselZhumalieva.Nasa;
				PRODUCT_NAME = "$(TARGET_NAME)";
				SUPPORTED_PLATFORMS = "iphoneos iphonesimulator";
				SUPPORTS_MACCATALYST = NO;
				SUPPORTS_MAC_DESIGNED_FOR_IPHONE_IPAD = NO;
				SWIFT_EMIT_LOC_STRINGS = YES;
				SWIFT_VERSION = 5.0;
				TARGETED_DEVICE_FAMILY = 1;
			};
			name = Debug;
		};
		3463E56A2A4BFC170066D33E /* Release */ = {
			isa = XCBuildConfiguration;
			buildSettings = {
				ASSETCATALOG_COMPILER_APPICON_NAME = AppIcon;
				ASSETCATALOG_COMPILER_GLOBAL_ACCENT_COLOR_NAME = AccentColor;
				CODE_SIGN_STYLE = Automatic;
				CURRENT_PROJECT_VERSION = 1;
				DEVELOPMENT_ASSET_PATHS = "\"Nasa/Preview Content\"";
				DEVELOPMENT_TEAM = 8244FLRS75;
				ENABLE_PREVIEWS = YES;
				GENERATE_INFOPLIST_FILE = YES;
				INFOPLIST_FILE = Nasa/Info.plist;
				INFOPLIST_KEY_UIApplicationSceneManifest_Generation = YES;
				INFOPLIST_KEY_UIApplicationSupportsIndirectInputEvents = YES;
				INFOPLIST_KEY_UILaunchScreen_Generation = YES;
				INFOPLIST_KEY_UISupportedInterfaceOrientations = UIInterfaceOrientationPortrait;
				INFOPLIST_KEY_UISupportedInterfaceOrientations_iPad = "UIInterfaceOrientationLandscapeLeft UIInterfaceOrientationLandscapeRight UIInterfaceOrientationPortrait UIInterfaceOrientationPortraitUpsideDown";
				LD_RUNPATH_SEARCH_PATHS = (
					"$(inherited)",
					"@executable_path/Frameworks",
				);
				MARKETING_VERSION = 1.0;
				PRODUCT_BUNDLE_IDENTIFIER = come.aselZhumalieva.Nasa;
				PRODUCT_NAME = "$(TARGET_NAME)";
				SUPPORTED_PLATFORMS = "iphoneos iphonesimulator";
				SUPPORTS_MACCATALYST = NO;
				SUPPORTS_MAC_DESIGNED_FOR_IPHONE_IPAD = NO;
				SWIFT_EMIT_LOC_STRINGS = YES;
				SWIFT_VERSION = 5.0;
				TARGETED_DEVICE_FAMILY = 1;
			};
			name = Release;
		};
/* End XCBuildConfiguration section */

/* Begin XCConfigurationList section */
		3463E5552A4BFC140066D33E /* Build configuration list for PBXProject "Nasa" */ = {
			isa = XCConfigurationList;
			buildConfigurations = (
				3463E5662A4BFC170066D33E /* Debug */,
				3463E5672A4BFC170066D33E /* Release */,
			);
			defaultConfigurationIsVisible = 0;
			defaultConfigurationName = Release;
		};
		3463E5682A4BFC170066D33E /* Build configuration list for PBXNativeTarget "Nasa" */ = {
			isa = XCConfigurationList;
			buildConfigurations = (
				3463E5692A4BFC170066D33E /* Debug */,
				3463E56A2A4BFC170066D33E /* Release */,
			);
			defaultConfigurationIsVisible = 0;
			defaultConfigurationName = Release;
		};
/* End XCConfigurationList section */
	};
	rootObject = 3463E5522A4BFC140066D33E /* Project object */;
}
